{
  "name": "local-network-scanner",
  "version": "0.1.0",
  "lockfileVersion": 1,
  "requires": true,
  "dependencies": {
    "inpath": {
      "version": "1.0.2",
      "resolved": "https://registry.npmjs.org/inpath/-/inpath-1.0.2.tgz",
      "integrity": "sha1-SsIZcQ7Hpy9GD/lL9CTdPvDlKBc="
    },
    "mute-stream": {
      "version": "0.0.7",
      "resolved": "https://registry.npmjs.org/mute-stream/-/mute-stream-0.0.7.tgz",
      "integrity": "sha1-MHXOk7whuPq0PhvE2n6BFe0ee6s="
    },
    "pidof": {
      "version": "1.0.2",
      "resolved": "https://registry.npmjs.org/pidof/-/pidof-1.0.2.tgz",
      "integrity": "sha1-+6Dq4cgzWhHrgJn10PPvvEXLTpA="
    },
    "read": {
      "version": "1.0.7",
      "resolved": "https://registry.npmjs.org/read/-/read-1.0.7.tgz",
      "integrity": "sha1-s9oZvQUkMal2cdRKQmNK33ELQMQ=",
      "requires": {
        "mute-stream": "0.0.7"
      }
    },
    "sudo": {
      "version": "1.0.3",
      "resolved": "https://registry.npmjs.org/sudo/-/sudo-1.0.3.tgz",
      "integrity": "sha1-zPKGaRIPi3T4K4Rt/38clRIO/yA=",
      "requires": {
        "inpath": "1.0.2",
        "pidof": "1.0.2",
        "read": "1.0.7"
      }
    }
  }
}
